
Microsoft Visual Studio Solution File, Format Version 12.00
# Visual Studio Version 17
VisualStudioVersion = 17.4.33213.308
MinimumVisualStudioVersion = 10.0.40219.1
Project("{9A19103F-16F7-4668-BE54-9A1E7A4F7556}") = "TodoApp.Api", "TodoApp.Api\TodoApp.Api.csproj", "{B5C42DDE-25CE-4AE5-BEA3-4333605FDA06}"
EndProject
Project("{9A19103F-16F7-4668-BE54-9A1E7A4F7556}") = "TodoApp.Client", "TodoApp.Client\TodoApp.Client.csproj", "{447C943F-C315-4BED-AEB5-4E550582D911}"
EndProject
Project("{9A19103F-16F7-4668-BE54-9A1E7A4F7556}") = "TodoApp.Shared", "TodoApp.Shared\TodoApp.Shared.csproj", "{06762B84-DCA3-4C8D-9CB5-627118BF5AC6}"
EndProject
Global
	GlobalSection(SolutionConfigurationPlatforms) = preSolution
		Debug|Any CPU = Debug|Any CPU
		Release|Any CPU = Release|Any CPU
	EndGlobalSection
	GlobalSection(ProjectConfigurationPlatforms) = postSolution
		{B5C42DDE-25CE-4AE5-BEA3-4333605FDA06}.Debug|Any CPU.ActiveCfg = Debug|Any CPU
		{B5C42DDE-25CE-4AE5-BEA3-4333605FDA06}.Debug|Any CPU.Build.0 = Debug|Any CPU
		{B5C42DDE-25CE-4AE5-BEA3-4333605FDA06}.Release|Any CPU.ActiveCfg = Release|Any CPU
		{B5C42DDE-25CE-4AE5-BEA3-4333605FDA06}.Release|Any CPU.Build.0 = Release|Any CPU
		{447C943F-C315-4BED-AEB5-4E550582D911}.Debug|Any CPU.ActiveCfg = Debug|Any CPU
		{447C943F-C315-4BED-AEB5-4E550582D911}.Debug|Any CPU.Build.0 = Debug|Any CPU
		{447C943F-C315-4BED-AEB5-4E550582D911}.Release|Any CPU.ActiveCfg = Release|Any CPU
		{447C943F-C315-4BED-AEB5-4E550582D911}.Release|Any CPU.Build.0 = Release|Any CPU
		{06762B84-DCA3-4C8D-9CB5-627118BF5AC6}.Debug|Any CPU.ActiveCfg = Debug|Any CPU
		{06762B84-DCA3-4C8D-9CB5-627118BF5AC6}.Debug|Any CPU.Build.0 = Debug|Any CPU
		{06762B84-DCA3-4C8D-9CB5-627118BF5AC6}.Release|Any CPU.ActiveCfg = Release|Any CPU
		{06762B84-DCA3-4C8D-9CB5-627118BF5AC6}.Release|Any CPU.Build.0 = Release|Any CPU
	EndGlobalSection
	GlobalSection(SolutionProperties) = preSolution
		HideSolutionNode = FALSE
	EndGlobalSection
	GlobalSection(ExtensibilityGlobals) = postSolution
		SolutionGuid = {CC614551-49C7-4086-A0E7-59185FB90187}
	EndGlobalSection
EndGlobal
